Microsoft Visual Studio Solution File, Format Version 12.00
# Visual Studio Version 17
VisualStudioVersion = 17.5.2.0
MinimumVisualStudioVersion = 10.0.40219.1
Project("{FAE04EC0-301F-11D3-BF4B-00C04F79EFBC}") = "Caixa-DE-MERCADO-em-C-", "Caixa-DE-MERCADO-em-C-.csproj", "{B44CB5D1-ADAC-A663-BCBE-E441B4CACFDD}"
EndProject
Global
	GlobalSection(SolutionConfigurationPlatforms) = preSolution
		Debug|Any CPU = Debug|Any CPU
		Release|Any CPU = Release|Any CPU
	EndGlobalSection
	GlobalSection(ProjectConfigurationPlatforms) = postSolution
		{B44CB5D1-ADAC-A663-BCBE-E441B4CACFDD}.Debug|Any CPU.ActiveCfg = Debug|Any CPU
		{B44CB5D1-ADAC-A663-BCBE-E441B4CACFDD}.Debug|Any CPU.Build.0 = Debug|Any CPU
		{B44CB5D1-ADAC-A663-BCBE-E441B4CACFDD}.Release|Any CPU.ActiveCfg = Release|Any CPU
		{B44CB5D1-ADAC-A663-BCBE-E441B4CACFDD}.Release|Any CPU.Build.0 = Release|Any CPU
	EndGlobalSection
	GlobalSection(SolutionProperties) = preSolution
		HideSolutionNode = FALSE
	EndGlobalSection
	GlobalSection(ExtensibilityGlobals) = postSolution
		SolutionGuid = {53219AC5-5A3B-4EAE-86D5-5BA66B3834E3}
	EndGlobalSection
EndGlobal
